PODS:
  - RIBs (0.9.1):
    - RxSwift (~> 4.0)
  - RxCocoa (4.5.0):
    - RxSwift (>= 4.4.2, ~> 4.4)
  - RxSwift (4.5.0)
  - SnapKit (5.6.0)

DEPENDENCIES:
  - RIBs
  - RxCocoa
  - SnapKit

SPEC REPOS:
  trunk:
    - RIBs
    - RxCocoa
    - RxSwift
    - SnapKit

SPEC CHECKSUMS:
  RIBs: 879184fbca567425c488d6b3d14a9c5abfbf9d47
  RxCocoa: cbf70265dc65a981d4ac982e513c10cf23df24a0
  RxSwift: f172070dfd1a93d70a9ab97a5a01166206e1c575
  SnapKit: e01d52ebb8ddbc333eefe2132acf85c8227d9c25

PODFILE CHECKSUM: 26d7b17741e9ffa67187f43817f2e59520e128b8

COCOAPODS: 1.11.3
